
Microsoft Visual Studio Solution File, Format Version 12.00
# Visual Studio Version 17
VisualStudioVersion = 17.13.35825.156 d17.13
MinimumVisualStudioVersion = 10.0.40219.1
Project("{FAE04EC0-301F-11D3-BF4B-00C04F79EFBC}") = "YaPe2_13123", "YaPe2_13123\YaPe2_13123.csproj", "{DD8AAD0A-962E-4B6F-A72D-E49C9F5BBC27}"
EndProject
Global
	GlobalSection(SolutionConfigurationPlatforms) = preSolution
		Debug|Any CPU = Debug|Any CPU
		Release|Any CPU = Release|Any CPU
	EndGlobalSection
	GlobalSection(ProjectConfigurationPlatforms) = postSolution
		{DD8AAD0A-962E-4B6F-A72D-E49C9F5BBC27}.Debug|Any CPU.ActiveCfg = Debug|Any CPU
		{DD8AAD0A-962E-4B6F-A72D-E49C9F5BBC27}.Debug|Any CPU.Build.0 = Debug|Any CPU
		{DD8AAD0A-962E-4B6F-A72D-E49C9F5BBC27}.Release|Any CPU.ActiveCfg = Release|Any CPU
		{DD8AAD0A-962E-4B6F-A72D-E49C9F5BBC27}.Release|Any CPU.Build.0 = Release|Any CPU
	EndGlobalSection
	GlobalSection(SolutionProperties) = preSolution
		HideSolutionNode = FALSE
	EndGlobalSection
	GlobalSection(ExtensibilityGlobals) = postSolution
		SolutionGuid = {477C1A1C-FA9E-49FD-B168-43C25967772C}
	EndGlobalSection
EndGlobal
